
Microsoft Visual Studio Solution File, Format Version 12.00
# Visual Studio Version 16
VisualStudioVersion = 16.0.29215.179
MinimumVisualStudioVersion = 10.0.40219.1
Project("{6EC3EE1D-3C4E-46DD-8F32-0CC8E7565705}") = "SLGremlin", "src\SLGremlin.fsproj", "{F9EF53C0-09D1-41ED-A78A-3E8A93BFD35F}"
EndProject
Project("{6EC3EE1D-3C4E-46DD-8F32-0CC8E7565705}") = "SLGremlinTest", "test\SLGremlinTest.fsproj", "{E9E99886-45FE-4346-AD0F-78116300EFCC}"
EndProject
Global
	GlobalSection(SolutionConfigurationPlatforms) = preSolution
		Debug|Any CPU = Debug|Any CPU
		Release|Any CPU = Release|Any CPU
	EndGlobalSection
	GlobalSection(ProjectConfigurationPlatforms) = postSolution
		{F9EF53C0-09D1-41ED-A78A-3E8A93BFD35F}.Debug|Any CPU.ActiveCfg = Debug|Any CPU
		{F9EF53C0-09D1-41ED-A78A-3E8A93BFD35F}.Debug|Any CPU.Build.0 = Debug|Any CPU
		{F9EF53C0-09D1-41ED-A78A-3E8A93BFD35F}.Release|Any CPU.ActiveCfg = Release|Any CPU
		{F9EF53C0-09D1-41ED-A78A-3E8A93BFD35F}.Release|Any CPU.Build.0 = Release|Any CPU
		{E9E99886-45FE-4346-AD0F-78116300EFCC}.Debug|Any CPU.ActiveCfg = Debug|Any CPU
		{E9E99886-45FE-4346-AD0F-78116300EFCC}.Debug|Any CPU.Build.0 = Debug|Any CPU
		{E9E99886-45FE-4346-AD0F-78116300EFCC}.Release|Any CPU.ActiveCfg = Release|Any CPU
		{E9E99886-45FE-4346-AD0F-78116300EFCC}.Release|Any CPU.Build.0 = Release|Any CPU
	EndGlobalSection
	GlobalSection(SolutionProperties) = preSolution
		HideSolutionNode = FALSE
	EndGlobalSection
	GlobalSection(ExtensibilityGlobals) = postSolution
		SolutionGuid = {C0426F47-E1DC-4BBA-9060-991C8224AFAA}
	EndGlobalSection
EndGlobal
